
Microsoft Visual Studio Solution File, Format Version 11.00
# Visual Studio 2010
Project("{FAE04EC0-301F-11D3-BF4B-00C04F79EFBC}") = "Assembly-CSharp", "Assembly-CSharp.csproj", "{C6545B3D-428C-CB2A-8991-D8D27091FAF6}"
EndProject
Project("{FAE04EC0-301F-11D3-BF4B-00C04F79EFBC}") = "Assembly-CSharp-Editor", "Assembly-CSharp-Editor.csproj", "{AEB8E436-D978-7147-B759-D0CC0CBC5102}"
EndProject
Global
	GlobalSection(SolutionConfigurationPlatforms) = preSolution
		Debug|Any CPU = Debug|Any CPU
		Release|Any CPU = Release|Any CPU
	EndGlobalSection
	GlobalSection(ProjectConfigurationPlatforms) = postSolution
		{C6545B3D-428C-CB2A-8991-D8D27091FAF6}.Debug|Any CPU.ActiveCfg = Debug|Any CPU
		{C6545B3D-428C-CB2A-8991-D8D27091FAF6}.Debug|Any CPU.Build.0 = Debug|Any CPU
		{C6545B3D-428C-CB2A-8991-D8D27091FAF6}.Release|Any CPU.ActiveCfg = Release|Any CPU
		{C6545B3D-428C-CB2A-8991-D8D27091FAF6}.Release|Any CPU.Build.0 = Release|Any CPU
		{AEB8E436-D978-7147-B759-D0CC0CBC5102}.Debug|Any CPU.ActiveCfg = Debug|Any CPU
		{AEB8E436-D978-7147-B759-D0CC0CBC5102}.Debug|Any CPU.Build.0 = Debug|Any CPU
		{AEB8E436-D978-7147-B759-D0CC0CBC5102}.Release|Any CPU.ActiveCfg = Release|Any CPU
		{AEB8E436-D978-7147-B759-D0CC0CBC5102}.Release|Any CPU.Build.0 = Release|Any CPU
	EndGlobalSection
	GlobalSection(SolutionProperties) = preSolution
		HideSolutionNode = FALSE
	EndGlobalSection
EndGlobal
